# generated by rye
# use `rye lock` or `rye sync` to update this lockfile
#
# last locked with the following flags:
#   pre: false
#   features: []
#   all-features: true
#   with-sources: false
#   generate-hashes: false
#   universal: false

-e file:.
certifi==2024.7.4
    # via requests
charset-normalizer==3.3.2
    # via requests
idna==3.7
    # via requests
regex==2024.7.24
    # via tiktoken
requests==2.32.3
    # via tiktoken
tiktoken==0.7.0
    # via tokencoder
urllib3==2.2.2
    # via requests
